hash: 34fb6458b84a228ac4649fe9b424e816c0e25cab72b21fbd65444163c6134d7f
updated: 2019-01-15T14:50:35.993132+01:00
imports:
- name: github.com/dgrijalva/jwt-go
  version: 3af4c746e1c248ee8491a3e0c6f7a9cd831e95f8
- name: github.com/fsnotify/fsnotify
  version: ccc981bf80385c528a65fbfdd49bf2d8da22aa23
- name: github.com/hashicorp/hcl
  version: 65a6292f0157eff210d03ed1bf6c59b190b8b906
  subpackages:
  - hcl/ast
  - hcl/parser
  - hcl/printer
  - hcl/scanner
  - hcl/strconv
  - hcl/token
  - json/parser
  - json/scanner
  - json/token
- name: github.com/inconshreveable/mousetrap
  version: 76626ae9c91c4f2a10f34cad8ce83ea42c93bb75
- name: github.com/landoop/tableprinter
  version: 8bd8c2576d278c0352b9cecd384e609b51943f28
- name: github.com/magiconair/properties
  version: 7757cc9fdb852f7579b24170bcacda2c7471bb6a
- name: github.com/mitchellh/go-homedir
  version: ae18d6b8b3205b561c79e8e5f69bff09736185f4
- name: github.com/mitchellh/mapstructure
  version: 3536a929edddb9a5b34bd6861dc4a9647cb459fe
- name: github.com/pelletier/go-toml
  version: 27c6b39a135b7dc87a14afb068809132fb7a9a8f
- name: github.com/spf13/afero
  version: a5d6946387efe7d64d09dcba68cdd523dc1273a3
  subpackages:
  - mem
- name: github.com/spf13/cast
  version: 8c9545af88b134710ab1cd196795e7f2388358d7
- name: github.com/spf13/cobra
  version: ef82de70bb3f60c65fb8eebacbb2d122ef517385
- name: github.com/spf13/jwalterweatherman
  version: 94f6ae3ed3bceceafa716478c5fbf8d29ca601a1
- name: github.com/spf13/pflag
  version: 298182f68c66c05229eb03ac171abe6e309ee79a
- name: github.com/spf13/viper
  version: 6d33b5a963d922d182c91e8a1c88d81fd150cfd4
- name: golang.org/x/sys
  version: 95c6576299259db960f6c5b9b69ea52422860fce
  subpackages:
  - unix
- name: golang.org/x/text
  version: b19bf474d317b857955b12035d2c5acb57ce8b01
  subpackages:
  - transform
  - unicode/norm
- name: gopkg.in/yaml.v2
  version: 53feefa2559fb8dfa8d81baad31be332c97d6c77
testImports: []
